
Microsoft Visual Studio Solution File, Format Version 12.00
# Visual Studio 2012
Project("{FAE04EC0-301F-11D3-BF4B-00C04F79EFBC}") = "operatoroverloadin1", "operatoroverloadin1\operatoroverloadin1.csproj", "{C17886C4-ACEF-4A8A-8176-86994C9FD15E}"
EndProject
Global
	GlobalSection(SolutionConfigurationPlatforms) = preSolution
		Debug|Any CPU = Debug|Any CPU
		Release|Any CPU = Release|Any CPU
	EndGlobalSection
	GlobalSection(ProjectConfigurationPlatforms) = postSolution
		{C17886C4-ACEF-4A8A-8176-86994C9FD15E}.Debug|Any CPU.ActiveCfg = Debug|Any CPU
		{C17886C4-ACEF-4A8A-8176-86994C9FD15E}.Debug|Any CPU.Build.0 = Debug|Any CPU
		{C17886C4-ACEF-4A8A-8176-86994C9FD15E}.Release|Any CPU.ActiveCfg = Release|Any CPU
		{C17886C4-ACEF-4A8A-8176-86994C9FD15E}.Release|Any CPU.Build.0 = Release|Any CPU
	EndGlobalSection
	GlobalSection(SolutionProperties) = preSolution
		HideSolutionNode = FALSE
	EndGlobalSection
EndGlobal
